{
    "_meta": {
        "hash": {
            "sha256": "3dc916965fc6a6c256a480efd3268318f8493cb71ae9258b8fa1a2fd5bcec9c8"
        },
        "pipfile-spec": 6,
        "requires": {
            "python_version": "3.10"
        },
        "sources": [
            {
                "name": "pypi",
                "url": "https://pypi.org/simple",
                "verify_ssl": true
            }
        ]
    },
    "default": {
        "auraboros": {
            "hashes": [
                "sha256:64409d50a074db41f1b6247f30ff1a29d89e62a8b72e3772fbe78bcdcb475fe5",
                "sha256:bdf789585904ffc9f326d80f9d52b38d91800026f9e04017eb6ad769c00d4ce0"
            ],
            "index": "pypi",
            "version": "==0.13.0-alpha"
        },
        "glcontext": {
            "hashes": [
                "sha256:03b3925472771607d13feb9a0de93b04408ae86c91eee3f5e09e43744f90b1af",
                "sha256:03b505fc8ce2dfcf800feac0e20cbb7b1899a5ef7407fa0cccb3267a5b2abbdb",
                "sha256:058bf839884b5d5d8488978ed804023be64fc9bafb674a0ede1ba26c05bd9146",
                "sha256:088482e07aed6229a34fbb1d0c5fbe0ad9c413dbddb5eaaa8e5c83d933cbe8d6",
                "sha256:0961811d85ac551b1ce1f197296a8e5f497b35a149cfc6e128f74dfaef5e592f",
                "sha256:155154084bdedfc8904524d8bd212e5896cc5d5caf1d45c19d13dc34aee4b5ab",
                "sha256:1716d21d423a1a2261cd717bc66714eeb5464d6a061b92678f356ca69cfd1255",
                "sha256:1f1656e931c937f8bdce12c551fa0077db814b123e7f16b6db26e1e7c89dae16",
                "sha256:2fae2d4bcb0564e0eb8e72c97e149faebfad369aeaef74ed7fd17f5f84a07428",
                "sha256:376e12d230fd198a329dfe253b41480b0a015a2dabbac5eecf6b279fe3afb1b3",
                "sha256:3dc6a6133bffc33cb75bbc79dc08bd1e206017ac69ec68f703227aaf5f5129bb",
                "sha256:3ff822473d498d606424f92a341d01121562af35bf1d3d0e2ccd1f9c2f86859b",
                "sha256:440ff5f59f318ce495c6bdddfa01a23dd64713fb960ceb87c3a9423745781d47",
                "sha256:44f7dbf800e6f933a5c56e07b18ef70f44949f34bf57f5d5318e2199c12cbfbc",
                "sha256:46ef33b616027a616dcceba33bc48e589ba24fa84ee43c5b8611c5b57d2dace3",
                "sha256:4d18b3e9e9259595dd5c538c1fd9238f8b26c22d6351397e721ef8a89ad55f12",
                "sha256:51e04b162529f99c7b764129e07aaa3ec8edfc63ca7a212b71e348319f8b821b",
                "sha256:59580776fd7e520995b82a6134c8ca7152a7881e174077fc785f4cc69c476d69",
                "sha256:5a4cc4fef74dcab0b428ef750fad3c05311657ffb4f1dd3d4afa75e664551588",
                "sha256:65bf63b2068e13183e34a4beaf921f20cd144a25cebed0fa9a46f25e8b47577d",
                "sha256:6df4cf354adb911a9ca58bc5c60fb1ae27544527878bc3ddf8f7ea56946c6fcc",
                "sha256:755698083c6119e771ea3f5837143324636700e1e5b397885c05085a837d5876",
                "sha256:79e561b67e606b6e13ba58e6ae3e688e3429dbb5d60e551ba40d649432044f37",
                "sha256:7dc827f119ccc3ea55b7bec73573516117c55319edc93bc2bbcf389bf1e7acfe",
                "sha256:82eff3e5664c5a17fc0cbb1dae2c32088cdd3c3bfbfe4b9c71012275c2a63e8e",
                "sha256:84dc3b831af386cb20cae8fb10ac78d8007bb29118730db2e9f21c329a528028",
                "sha256:867fe03c1c241d2416b719e23d1671537e34e03bab741dcc50d49298c1397073",
                "sha256:87c90b525296c4930b1f74bf460b97af052c3cc9ba47d811f416ed82e1b16b03",
                "sha256:891b56a3bbaf3470595c218e847e79448e95cecb412224c8585da640c61cf29a",
                "sha256:89869925f4e1762878561fa1e3cbd1ee5ce73e5597275b5fc8bc054dd894fca4",
                "sha256:8aa90a648f17bacacef95b09a5fab368e8feff3714fc4b81eb9374bd439850e6",
                "sha256:8ece87d8616bf12e55a08a05159f4303c8b82d348c2c43c7297c85d8e95dfa3e",
                "sha256:94e47dd8cf39cabe20b41dd0c4c6589f0c7a4de2a5bad8e51ab0fc0b4a26ae6b",
                "sha256:a22a3fbb3abefd7a9f5a672af8fccb8d8d996b2eae2075ac9d8ca10f4a6f6653",
                "sha256:a349317c9d634aa56e30aae9ad408bc1b9de281af0e4f87de682b454ebaf540e",
                "sha256:ab8147607af85fc2ec2e02b4364ff36b636f63781295e74220dc5c5856794e07",
                "sha256:ae930d226f9145ec580f3fe10fc23262b8c21a6a0cd6fbc081a6606e9000ce74",
                "sha256:b5dcd68b23b1a549a3b0851d3621630e492ff9015a18f29f2512088b4e03e4d9",
                "sha256:b85c873315741dbc208c199cbe449aa77d1831551dd78d9b3d67e0a6f9eb576d",
                "sha256:bb2d0503f45ad85ca7319bd37fd983e374b3f824c38a450b5f72cfc974114156",
                "sha256:bc906a19be96d2820dee8e681ca1d3129821eb6e5c4f1544db723edf0c0696bd",
                "sha256:cc73099fa7525a20e2021a2f2befa61e9ef306364838c1859ba79f5bd8eda33a",
                "sha256:d986976c9b758d60d966fbaf8bdff129d125e8b2c58889d2220ca96991f1071e",
                "sha256:e48550269c3baff04cc46ca79bd9d2d5a62216665751b10aa86d95ebe182d319",
                "sha256:ef0c7e534e53f14b7b09dc3fe1e207243c9bb3eb2543d9876ed253156ca7a8bf",
                "sha256:f1444229f84a7aea48ce3f1143147acee92eee264826db4c41ea38c6b0a924a9",
                "sha256:f17be52c99e3eaeefaaac780bde40bfa99be3ad32bbfed346bb347c9d0b01967",
                "sha256:f234ebcc3355155811389c320974056ce20233770205fc7cb41d8653d6137efa",
                "sha256:fa4595600a699ed13e854b87116a1519a25e47a10100df01650c1be3532bd629",
                "sha256:fd03d6d8dbfdd9bab97ada98759e345b29d50f690cec95dd01d22d02f616bfea"
            ],
            "version": "==2.3.7"
        },
        "moderngl": {
            "hashes": [
                "sha256:1ce40fb73f80c1f09f4a095adda341fdaf1b3043f219fbfe44a9da81577dde7e",
                "sha256:279486e143eb849fcab126e3ef3a1a0353bbbdb1d27a13c76335cf4ae14b2827",
                "sha256:2d572b3e8243e63efbb85bb6a90dfffe84a8d57233ff7e03cad44023a414678f",
                "sha256:2e2205402a8d0792efc380e68cb1a11218c09454e6d8d1d95fda0becb2d36a5a",
                "sha256:3012c38b882985aa1140196ba157b8d5a625add0ee0761c3c2937505b1365675",
                "sha256:310db1cc52dbcc211d957f27ca9d14f3e474657eb2d5670f03adf9221c9b1647",
                "sha256:3366be15c5aaa841239091dfa2c86c6acb09b67fa2a86552f8b4f59c0e9dae55",
                "sha256:3a850968d417fb62eb26922d2158a6748b90088db948c9499dc05cd616a845d9",
                "sha256:3ebc9016a0849edc4654e4d1935748ca2dc72427ea678aa7fc166d449e0c1db2",
                "sha256:4a16916facea2351b70db73226cef1545c43f3431d9861a7b467208898b82a0f",
                "sha256:50313b30b744c59c07a01b63ecd4efd57488ad70ece4296d8669cac6ec1f634d",
                "sha256:56b73042fb5593158b6935757c75c695673a46b74136c03c88c16af25628d998",
                "sha256:5d3fd68011186a30ab4bbcdeb5348a5bce579cbef0e849944ca875d0be70f0c2",
                "sha256:5d8ffeb7b30d001f8495f7efbcdf39a07185ad94e7f843133ce991b459d47ba6",
                "sha256:60ad02423ecc434433aa63ec0d8adbef94432e88a87ebf0853336dc3677c645e",
                "sha256:651f450ac4520cb24161096f0bcfaf10820743d48e231cf0a27a8ff4e036c450",
                "sha256:670682ad734dacb501685c62d958a849a856d01ebb6cafb639d6549e7ca4d39a",
                "sha256:67918bbc43b2f7aa37d72ba1ed2dd506d993aed8d62d9771caaf541607bd7402",
                "sha256:7400876b5ef3eb12f0e0374c48b881dd44f8aef4b3d901ffe508213949d62d0a",
                "sha256:7b9b6efe0cecb182e07f0424b9d33a969f85e39f9e6eff2d5fb05e8e9ff67750",
                "sha256:7ff301371e91dd39486c8d52a27934cc04ca3da6da16613255d3a6b69e89e621",
                "sha256:8094f14072e102272f31617b219b601dd15e5117047ba33508014f9a40b7188a",
                "sha256:8227c2986e2ce9a76314fa6271d72749e37831fa3031d0db1eccb7fcfd027f08",
                "sha256:841d8e056f188d03ab02268f96368f570c72a91ed01f8fa43e83ecbcaf80bf06",
                "sha256:88e9500293f02220d9613beb852242507de34b29639427a3b113be38941458fe",
                "sha256:96433f592a6a113a2cd236f00a306f43059580ec5109553e0f0044decd61fe0c",
                "sha256:9f19b0c201c5c2739358a68c12f0502424ed76659edaba4ea20760fc9b71d2fa",
                "sha256:9f5b909dd73a30235989685bf83e8a5b2dad435ce576669a6731bf6659076f4b",
                "sha256:a135faa1be35346a258bd59daf5307b763e4f20e32ecdd69fc0d84e5bb48adfc",
                "sha256:a37db97c20e942ec20281d320c50f8ea006d5ac4797998484a7f8fdfe9e0129b",
                "sha256:a5e25f34e3b6916f6394b3a7f10fa443a901662ecfb01c623ed9c7f87a660ed9",
                "sha256:a7e9220ce5447e050adaaea42abf2b48e3eae4cc4a2fc07a3827239c067c5c68",
                "sha256:a994da9d8cf3f5d9f549b02f9b9bfaeb0ce20c17e5acaa8b9737795d1bf62a28",
                "sha256:ab9d969cbed50d7f86c6da8252b4a7adc53d033a24a281cd4b00221b1b26faf2",
                "sha256:affffa368aea60fd5df0edff10d6923f74cd3f9fd7893675fe7c7bfe73517b7b",
                "sha256:b5e7d98c5bd5e840c9667cf1817c01809b83beb8f8b83c6e76bf85f10dc99b63",
                "sha256:b66c18d7f4ab7a94be3f9eb9e4ca6836ead1da502d62e81b7f7a48150e2ed391",
                "sha256:b8079fcf1a8e4df24ab2313165cc77721c7676a1c68b2e48a890d283525f6858",
                "sha256:bbb23f67bd1bb0babd67246330137bd4b9fd49557fa5ae402305685a48df3d6d",
                "sha256:bcd7de06efafa9e4cef63c942e886586fd25076867d46511aaf5aa478317c2f3",
                "sha256:c5e92e1c8af12fdf3f5fb1923412632887aa3002bdb23d46a3ff564b93cc002c",
                "sha256:cc3ed59322867afbc9edf4d96deb619e1e13bb7ef8bfc778b10adbd117f8af9b",
                "sha256:d0d9fa90957c382ebbc7011ffc29807ae914e64f2d519d974b87e583d6c07188",
                "sha256:d51c2d31decab2f3a534c04d2dfda631d9a2efc79ddb36d75e4b50747fc134f2",
                "sha256:d7362808ab3ef32b95b534de6be20f09eee23f047954dd01d3d2433faf1f0725",
                "sha256:df3c541ef9322fafebc113924a5034bb0fb3ac4afab9bd72cc6798795edbfd18",
                "sha256:e2e6378212c18b82503c82555644a12bb9087215c8ae783b655a1f3ade403285",
                "sha256:e4fc84269d26731832303c1904bd33e4692a648b26e97661c8455e4fdfc6bd17",
                "sha256:f066d9b0e743bb60e3dfa540214b4fe19c5d25f3ab7dd4f61c36fb00854fa502",
                "sha256:f140f9d9f5f11fc2a7b41324dd7bcf88c1fc9576d5b21f78b42707d835583be9"
            ],
            "index": "pypi",
            "version": "==5.8.2"
        },
        "pygame": {
            "hashes": [
                "sha256:033352321cc49d60fdc3c3ae4b3e10ecb6614846fb2eb3453c729aba48a2874d",
                "sha256:0a664cd6c50870f6749c389a8844318afc8a2d02f8cb7b05d67930fdf99252bd",
                "sha256:0ec8e691407b6c91525b2d7c8386fd6232b97d8f8c33d134ec0c0165b1d52c24",
                "sha256:101c57141d705ca1930377c324d2c7acd3099f1b4ac676981bdf5d5b329842c8",
                "sha256:17730a2ed1001e5876745702c92906ad31ecedc13825efba56a0cba92e273b7a",
                "sha256:1dc89d825e0ccba5ba3605abbd83be1401e0a32de7ab64b9647a6bb1ecb0a4f7",
                "sha256:1eda9f30d376d4205e8204e542ab1348dcbb31755c8ba38772e48a3b2f91b2fc",
                "sha256:228514c0d034c840b8ee6bf99185df34ac15e6a6a99684b8a3900124417c8d8f",
                "sha256:23bd3c3a6d4e8acddee2297d609dbc5953d6ba99b0f0cc5ccc2f567889db3785",
                "sha256:246f75f67d2ad4c2dad21b1f35c6092d67c4c0db13b2fa0a42d794e6e2794f47",
                "sha256:250b3ec3f90b05ad50cb0070d994a0a1f39fffe8181fc9508b8749884c313431",
                "sha256:25c1b1819211aaa0f98264e6b670a496a9975079d5ae2dffd304b0aca6b1aa3c",
                "sha256:32bdf1d5d9e0763779d0b915d4617253949a6c118c4c6b5ae1a77cf1df964e4c",
                "sha256:35f5a9cc7a9a2ea3d048e418e79f30e1506cb47015939330903026c636761aab",
                "sha256:385163fd1ed8809a72be68fddc9c76876c304e8712695aff2ea49adf3831caf9",
                "sha256:38642c6cc6477db6ebddd52be39bad0a9e19cf097f83feaaf8e7573b9a9d2405",
                "sha256:3d035ba196c258876a87451fa7de65b62c087d7016e51000e8d95bc67c8584f7",
                "sha256:3e9535cf1af0c6ca38d94e0b492fc41057d7bf05e9bd64d3ed3e216d336d6d11",
                "sha256:3ee86606c6c7f61176ed24b427fa230fe4fc9f552aa555b8db21ddb608b4ce88",
                "sha256:43f238229b3a9e5692ba5a31638f1c148257b37a49ef21f03b23b34d7f00b2d9",
                "sha256:4b334f6dd6c1412dd4b161a8562b7a422db957f67b7eb93e927606e2dd435882",
                "sha256:4db1b103025fd4b451dfa409c0da16d2ff31714ae82bdf45b1434863cd69370b",
                "sha256:4f79a3c5e7f24474d6e722d597ee03d2b0d17958c77d4307787147cf339b4ad9",
                "sha256:525e11a2b9182ec84d690634016009e382ab8b488593c3f150a0b8aae28aa165",
                "sha256:53e9418c457fa549294feee7947bc0b24b048b4eba133f0e757dd2348d15af3b",
                "sha256:555234ed6b08242af95406fd3eb43255c3ce8e915e8c751f2d411bd40d574df4",
                "sha256:57180b3aabbe17d8017aa724887019943d96ea69810f4315f5c1b7d4f64861f9",
                "sha256:59a1e473c627acf369b30bb52fb5f39d1f68f8c204aa857578b72f07a23c952b",
                "sha256:619eed2d97f28af9d4cdb217a5517fd6f59b873f2f1d31b4489ed852b9a175c3",
                "sha256:653ec5102b9cb13a24e26663a81d7810790e56b88113b90aa5fdca681c01a5b9",
                "sha256:6c5d33355dfb66382bcac1fcf3db64ba71bc9e97082db3ae45a7a0d335e73268",
                "sha256:6ccde93b51d2393216f98e8f81cf5cc628513d837c89dcf5b588f52031659c09",
                "sha256:703d5def9d4dbe9c358f63151bee4a55e328dd7737e692f52522bc44be7c7c8c",
                "sha256:740b9f311c693b00d86a89cc6846afc1d1e013b006975eb8be0b18d5481c5b32",
                "sha256:774233845099d632de676ad4d4dd08ba27ebce5bfa550b1dc9f6cce145e21c35",
                "sha256:788717d0b9a0d0828a763381e1eb6a127ceef815f9a91ff52217ed4b78df62fc",
                "sha256:82e5806fd797bd1b27fae705683f6822ae5276ec9cda42e6e21bba61985b763a",
                "sha256:8308b21804d137a3b7cafbd020d2159eb5bcc18ffc9c3993b20311069c326a2c",
                "sha256:84fad9538012f1d6b298dcf690c4336e0317fe97ac10993b4d847ff547e919dd",
                "sha256:858d3968aebaca5015ef0ec82c513114a3c3fe64ce910222cfa852a39f03b135",
                "sha256:884b92c9cbf0bfaf8b8dd0f75a746613c55447d307ddd1addf903709b3b9f89f",
                "sha256:90931a210325274184860d898df4e87a0972654edbb2a6185afcdce32244dfb6",
                "sha256:910678441d02c3b55ac59fcbc4220a824b094407de084734b5d84e0900d6448b",
                "sha256:932034e1738873a55c4e2eb83b6e8c03f9a55feaa6a04a7da7b1e0e5a5050b4a",
                "sha256:9ccac73a8c913809ba2c1408d750abf14e45666b3c83493370441c52e99222b4",
                "sha256:a1d737db18f4c94b620613c6a047a3a1eecc0f36df7d5da4070de575930cc5f0",
                "sha256:a5afd712bd7307d034e6940f3025c4b769656fd4cbb38fbdbd6af0f93d6c8386",
                "sha256:a5e83bd89da26f8360e02d5de2d2575981b0ebad81ea6d48aba610dabf167b88",
                "sha256:a7390815dad55a2db9f8daac6f2c2e593801daea2d674433a72b91ea1caee0d3",
                "sha256:a8b315203925724f89a81a741682589ba1c36ec858d98e6accb7501ece9e99a3",
                "sha256:ad8fa7a91fa8f2a4fa46366142763675a0a11b7c34b06dfc20b1095d116da820",
                "sha256:b507df9ea606a87c29e5028b8de9f35066a15f6a5d7f3e5b47b3719e9403f924",
                "sha256:bf236758429d9b9cdadd1fcf40901588818ee440178b932409c40157ab41e902",
                "sha256:c2961d44593aaa99580971e4123db00d4ca72fb4b30fa56350b3f6792331a41e",
                "sha256:c60be419d7cca1222895dfe9d520628b7346015208382a19fa678356a22664b3",
                "sha256:cfff49dbb7fcc2a9a88e3f25fda7f181ee4957fd89df78c47fa64c689d19b8a9",
                "sha256:d339f90cc30de4b013670de84abd46de4be602d5c52bbe4e569fa15d17b204ca",
                "sha256:d628637d4f0c55613f258b84eef932faf89e683aa842f4fd483a676f44a38606",
                "sha256:d949e93fbdaf5b43f69a484639104c07028f93686c8305afb0d8e382fde8ff5d",
                "sha256:e13de2947c496fcb600fa4b5cd00a5fa33d4b3af9d13c169a5f79268268de0a8",
                "sha256:e323b75abda43345aff5ab2f6b1c017135f937f8a114d7aac8d95a07d200e19f",
                "sha256:e3948be800b5f251a0741ec3aab3ca508dfc391095726a69af7064fa4d3e0547",
                "sha256:e516bc6bba5455817bbb0038f4c44d1914aac13c7f7954dee9213c9ae28bd9ac",
                "sha256:e62607c86e02d29ba5cb00837f73b1dce7b325a1f1f6d93150a0f96fa68da1a1",
                "sha256:f2acf958513bd1612960ec68aa5e388262218f7365db59e54e1ee68a55bc544b",
                "sha256:f57b1ee40387e43ab5c3cf20437283477b5ef52ead4bb1d9bff254ef9ee70623",
                "sha256:fa18acc2d6f0d09575802e1db11845fc0f83f9777cc385c51380125df92f3dc9",
                "sha256:fab0457ab07e8abb99de2b83c0a71f98bdf79afb01ff611873e4333fd8649f02"
            ],
            "index": "pypi",
            "version": "==2.3.0"
        }
    },
    "develop": {
        "autopep8": {
            "hashes": [
                "sha256:86e9303b5e5c8160872b2f5ef611161b2893e9bfe8ccc7e2f76385947d57a2f1",
                "sha256:f9849cdd62108cb739dbcdbfb7fdcc9a30d1b63c4cc3e1c1f893b5360941b61c"
            ],
            "index": "pypi",
            "version": "==2.0.2"
        },
        "flake8": {
            "hashes": [
                "sha256:3833794e27ff64ea4e9cf5d410082a8b97ff1a06c16aa3d2027339cd0f1195c7",
                "sha256:c61007e76655af75e6785a931f452915b371dc48f56efd765247c8fe68f2b181"
            ],
            "index": "pypi",
            "version": "==6.0.0"
        },
        "mccabe": {
            "hashes": [
                "sha256:348e0240c33b60bbdf4e523192ef919f28cb2c3d7d5c7794f74009290f236325",
                "sha256:6c2d30ab6be0e4a46919781807b4f0d834ebdd6c6e3dca0bda5a15f863427b6e"
            ],
            "markers": "python_version >= '3.6'",
            "version": "==0.7.0"
        },
        "pycodestyle": {
            "hashes": [
                "sha256:347187bdb476329d98f695c213d7295a846d1152ff4fe9bacb8a9590b8ee7053",
                "sha256:8a4eaf0d0495c7395bdab3589ac2db602797d76207242c17d470186815706610"
            ],
            "markers": "python_version >= '3.6'",
            "version": "==2.10.0"
        },
        "pyflakes": {
            "hashes": [
                "sha256:ec55bf7fe21fff7f1ad2f7da62363d749e2a470500eab1b555334b67aa1ef8cf",
                "sha256:ec8b276a6b60bd80defed25add7e439881c19e64850afd9b346283d4165fd0fd"
            ],
            "markers": "python_version >= '3.6'",
            "version": "==3.0.1"
        },
        "tomli": {
            "hashes": [
                "sha256:939de3e7a6161af0c887ef91b7d41a53e7c5a1ca976325f429cb46ea9bc30ecc",
                "sha256:de526c12914f0c550d15924c62d72abc48d6fe7364aa87328337a31007fe8a4f"
            ],
            "markers": "python_version < '3.11'",
            "version": "==2.0.1"
        }
    }
}
